
Microsoft Visual Studio Solution File, Format Version 12.00
# Visual Studio Version 17
VisualStudioVersion = 17.5.002.0
MinimumVisualStudioVersion = 10.0.40219.1
Project("{9A19103F-16F7-4668-BE54-9A1E7A4F7556}") = "len3", "len3.csproj", "{6EC9D148-D4DA-4962-A6FD-E3EC7AE3EE25}"
EndProject
Global
	GlobalSection(SolutionConfigurationPlatforms) = preSolution
		Debug|Any CPU = Debug|Any CPU
		Release|Any CPU = Release|Any CPU
	EndGlobalSection
	GlobalSection(ProjectConfigurationPlatforms) = postSolution
		{6EC9D148-D4DA-4962-A6FD-E3EC7AE3EE25}.Debug|Any CPU.ActiveCfg = Debug|Any CPU
		{6EC9D148-D4DA-4962-A6FD-E3EC7AE3EE25}.Debug|Any CPU.Build.0 = Debug|Any CPU
		{6EC9D148-D4DA-4962-A6FD-E3EC7AE3EE25}.Release|Any CPU.ActiveCfg = Release|Any CPU
		{6EC9D148-D4DA-4962-A6FD-E3EC7AE3EE25}.Release|Any CPU.Build.0 = Release|Any CPU
	EndGlobalSection
	GlobalSection(SolutionProperties) = preSolution
		HideSolutionNode = FALSE
	EndGlobalSection
	GlobalSection(ExtensibilityGlobals) = postSolution
		SolutionGuid = {08B443A1-AA8E-48BE-8781-1BA85F7B2970}
	EndGlobalSection
EndGlobal
